
Microsoft Visual Studio Solution File, Format Version 12.00
Project("{2150E333-8FDC-42A3-9474-1A3956D46DE8}") = "UserService", "UserService", "{382D19F3-69EB-455E-9896-E147F7A4C508}"
EndProject
Project("{2150E333-8FDC-42A3-9474-1A3956D46DE8}") = "ToDoService", "ToDoService", "{D9DA9D5D-1FD5-4437-829E-257C92C3C8E5}"
EndProject
Project("{2150E333-8FDC-42A3-9474-1A3956D46DE8}") = "AuthService", "AuthService", "{2E278D73-8B11-48D1-ABB0-776FE8EA793E}"
EndProject
Project("{2150E333-8FDC-42A3-9474-1A3956D46DE8}") = "Tests", "Tests", "{B198AB3F-16D1-4A09-925D-0CDF2E606593}"
EndProject
Project("{FAE04EC0-301F-11D3-BF4B-00C04F79EFBC}") = "Application", "Services\ToDoService\Application\Application.csproj", "{E254CC37-47B6-4D25-A877-03F9560C0819}"
EndProject
Project("{FAE04EC0-301F-11D3-BF4B-00C04F79EFBC}") = "Infrastructure", "Services\ToDoService\Infrastructure\Infrastructure.csproj", "{C92F3B83-6881-4BEB-B31B-42CECA08E73C}"
EndProject
Project("{FAE04EC0-301F-11D3-BF4B-00C04F79EFBC}") = "API", "Services\ToDoService\API\API.csproj", "{5FDAFF54-3BC3-4EE9-B13B-0DEE9FE16893}"
EndProject
Project("{FAE04EC0-301F-11D3-BF4B-00C04F79EFBC}") = "API", "Services\UserService\API\API.csproj", "{85FE3525-C248-4005-B0EA-6BDC00D1D237}"
EndProject
Project("{FAE04EC0-301F-11D3-BF4B-00C04F79EFBC}") = "Infrastructure", "Services\UserService\Infrastructure\Infrastructure.csproj", "{911365AD-7799-421A-AE91-75863A06F7F8}"
EndProject
Project("{FAE04EC0-301F-11D3-BF4B-00C04F79EFBC}") = "Application", "Services\UserService\Application\Application.csproj", "{2B8CCC4E-7722-40F0-BC92-5544EEB44C9E}"
EndProject
Project("{FAE04EC0-301F-11D3-BF4B-00C04F79EFBC}") = "Application", "Services\AuthService\Application\Application.csproj", "{3CAD7473-EC0A-44E3-9C0E-A9975785AFF6}"
EndProject
Project("{FAE04EC0-301F-11D3-BF4B-00C04F79EFBC}") = "Infrastructure", "Services\AuthService\Infrastructure\Infrastructure.csproj", "{2A3EEF29-947B-4AF1-A371-1EA371D187C3}"
EndProject
Project("{FAE04EC0-301F-11D3-BF4B-00C04F79EFBC}") = "UnitTests", "Tests\UnitTests\UnitTests.csproj", "{457D4DCC-4DBA-4BD0-974F-679200D84C94}"
EndProject
Project("{FAE04EC0-301F-11D3-BF4B-00C04F79EFBC}") = "API", "Services\AuthService\API\API.csproj", "{DCD264A6-852D-4B95-BDB6-8E60FA96D7EA}"
EndProject
Global
	GlobalSection(SolutionConfigurationPlatforms) = preSolution
		Debug|Any CPU = Debug|Any CPU
		Release|Any CPU = Release|Any CPU
	EndGlobalSection
	GlobalSection(NestedProjects) = preSolution
		{E254CC37-47B6-4D25-A877-03F9560C0819} = {D9DA9D5D-1FD5-4437-829E-257C92C3C8E5}
		{C92F3B83-6881-4BEB-B31B-42CECA08E73C} = {D9DA9D5D-1FD5-4437-829E-257C92C3C8E5}
		{5FDAFF54-3BC3-4EE9-B13B-0DEE9FE16893} = {D9DA9D5D-1FD5-4437-829E-257C92C3C8E5}
		{85FE3525-C248-4005-B0EA-6BDC00D1D237} = {382D19F3-69EB-455E-9896-E147F7A4C508}
		{911365AD-7799-421A-AE91-75863A06F7F8} = {382D19F3-69EB-455E-9896-E147F7A4C508}
		{2B8CCC4E-7722-40F0-BC92-5544EEB44C9E} = {382D19F3-69EB-455E-9896-E147F7A4C508}
		{3CAD7473-EC0A-44E3-9C0E-A9975785AFF6} = {2E278D73-8B11-48D1-ABB0-776FE8EA793E}
		{2A3EEF29-947B-4AF1-A371-1EA371D187C3} = {2E278D73-8B11-48D1-ABB0-776FE8EA793E}
		{457D4DCC-4DBA-4BD0-974F-679200D84C94} = {B198AB3F-16D1-4A09-925D-0CDF2E606593}
		{DCD264A6-852D-4B95-BDB6-8E60FA96D7EA} = {2E278D73-8B11-48D1-ABB0-776FE8EA793E}
	EndGlobalSection
	GlobalSection(ProjectConfigurationPlatforms) = postSolution
		{E254CC37-47B6-4D25-A877-03F9560C0819}.Debug|Any CPU.ActiveCfg = Debug|Any CPU
		{E254CC37-47B6-4D25-A877-03F9560C0819}.Debug|Any CPU.Build.0 = Debug|Any CPU
		{E254CC37-47B6-4D25-A877-03F9560C0819}.Release|Any CPU.ActiveCfg = Release|Any CPU
		{E254CC37-47B6-4D25-A877-03F9560C0819}.Release|Any CPU.Build.0 = Release|Any CPU
		{C92F3B83-6881-4BEB-B31B-42CECA08E73C}.Debug|Any CPU.ActiveCfg = Debug|Any CPU
		{C92F3B83-6881-4BEB-B31B-42CECA08E73C}.Debug|Any CPU.Build.0 = Debug|Any CPU
		{C92F3B83-6881-4BEB-B31B-42CECA08E73C}.Release|Any CPU.ActiveCfg = Release|Any CPU
		{C92F3B83-6881-4BEB-B31B-42CECA08E73C}.Release|Any CPU.Build.0 = Release|Any CPU
		{5FDAFF54-3BC3-4EE9-B13B-0DEE9FE16893}.Debug|Any CPU.ActiveCfg = Debug|Any CPU
		{5FDAFF54-3BC3-4EE9-B13B-0DEE9FE16893}.Debug|Any CPU.Build.0 = Debug|Any CPU
		{5FDAFF54-3BC3-4EE9-B13B-0DEE9FE16893}.Release|Any CPU.ActiveCfg = Release|Any CPU
		{5FDAFF54-3BC3-4EE9-B13B-0DEE9FE16893}.Release|Any CPU.Build.0 = Release|Any CPU
		{85FE3525-C248-4005-B0EA-6BDC00D1D237}.Debug|Any CPU.ActiveCfg = Debug|Any CPU
		{85FE3525-C248-4005-B0EA-6BDC00D1D237}.Debug|Any CPU.Build.0 = Debug|Any CPU
		{85FE3525-C248-4005-B0EA-6BDC00D1D237}.Release|Any CPU.ActiveCfg = Release|Any CPU
		{85FE3525-C248-4005-B0EA-6BDC00D1D237}.Release|Any CPU.Build.0 = Release|Any CPU
		{911365AD-7799-421A-AE91-75863A06F7F8}.Debug|Any CPU.ActiveCfg = Debug|Any CPU
		{911365AD-7799-421A-AE91-75863A06F7F8}.Debug|Any CPU.Build.0 = Debug|Any CPU
		{911365AD-7799-421A-AE91-75863A06F7F8}.Release|Any CPU.ActiveCfg = Release|Any CPU
		{911365AD-7799-421A-AE91-75863A06F7F8}.Release|Any CPU.Build.0 = Release|Any CPU
		{2B8CCC4E-7722-40F0-BC92-5544EEB44C9E}.Debug|Any CPU.ActiveCfg = Debug|Any CPU
		{2B8CCC4E-7722-40F0-BC92-5544EEB44C9E}.Debug|Any CPU.Build.0 = Debug|Any CPU
		{2B8CCC4E-7722-40F0-BC92-5544EEB44C9E}.Release|Any CPU.ActiveCfg = Release|Any CPU
		{2B8CCC4E-7722-40F0-BC92-5544EEB44C9E}.Release|Any CPU.Build.0 = Release|Any CPU
		{3CAD7473-EC0A-44E3-9C0E-A9975785AFF6}.Debug|Any CPU.ActiveCfg = Debug|Any CPU
		{3CAD7473-EC0A-44E3-9C0E-A9975785AFF6}.Debug|Any CPU.Build.0 = Debug|Any CPU
		{3CAD7473-EC0A-44E3-9C0E-A9975785AFF6}.Release|Any CPU.ActiveCfg = Release|Any CPU
		{3CAD7473-EC0A-44E3-9C0E-A9975785AFF6}.Release|Any CPU.Build.0 = Release|Any CPU
		{2A3EEF29-947B-4AF1-A371-1EA371D187C3}.Debug|Any CPU.ActiveCfg = Debug|Any CPU
		{2A3EEF29-947B-4AF1-A371-1EA371D187C3}.Debug|Any CPU.Build.0 = Debug|Any CPU
		{2A3EEF29-947B-4AF1-A371-1EA371D187C3}.Release|Any CPU.ActiveCfg = Release|Any CPU
		{2A3EEF29-947B-4AF1-A371-1EA371D187C3}.Release|Any CPU.Build.0 = Release|Any CPU
		{457D4DCC-4DBA-4BD0-974F-679200D84C94}.Debug|Any CPU.ActiveCfg = Debug|Any CPU
		{457D4DCC-4DBA-4BD0-974F-679200D84C94}.Debug|Any CPU.Build.0 = Debug|Any CPU
		{457D4DCC-4DBA-4BD0-974F-679200D84C94}.Release|Any CPU.ActiveCfg = Release|Any CPU
		{457D4DCC-4DBA-4BD0-974F-679200D84C94}.Release|Any CPU.Build.0 = Release|Any CPU
		{DCD264A6-852D-4B95-BDB6-8E60FA96D7EA}.Debug|Any CPU.ActiveCfg = Debug|Any CPU
		{DCD264A6-852D-4B95-BDB6-8E60FA96D7EA}.Debug|Any CPU.Build.0 = Debug|Any CPU
		{DCD264A6-852D-4B95-BDB6-8E60FA96D7EA}.Release|Any CPU.ActiveCfg = Release|Any CPU
		{DCD264A6-852D-4B95-BDB6-8E60FA96D7EA}.Release|Any CPU.Build.0 = Release|Any CPU
	EndGlobalSection
EndGlobal
